Microsoft Visual Studio Solution File, Format Version 12.00
# Visual Studio 15
VisualStudioVersion = 15.0.27703.2042
MinimumVisualStudioVersion = 10.0.40219.1
Project("{FAE04EC0-301F-11D3-BF4B-00C04F79EFBC}") = "ScheduleSimpleSample.Android", "ScheduleSimpleSample.Android\ScheduleSimpleSample.Android.csproj", "{07D21AD6-CF7C-4A0D-90EE-DFB3D8793996}"
EndProject
Project("{FAE04EC0-301F-11D3-BF4B-00C04F79EFBC}") = "ScheduleSimpleSample.iOS", "ScheduleSimpleSample.iOS\ScheduleSimpleSample.iOS.csproj", "{2B97A25F-C5D9-4AAC-B8D3-E9F0985852DC}"
EndProject
Project("{9A19103F-16F7-4668-BE54-9A1E7A4F7556}") = "ScheduleSimpleSample", "ScheduleSimpleSample\ScheduleSimpleSample.csproj", "{AD1E0C88-4271-44E6-9A85-E1B33C9A06F0}"
EndProject
Project("{FAE04EC0-301F-11D3-BF4B-00C04F79EFBC}") = "ScheduleSimpleSample.UWP", "ScheduleSimpleSample.UWP\ScheduleSimpleSample.UWP.csproj", "{366BB81A-3B2B-43CD-B6FB-AD61501A5B2F}"
EndProject
Global
	GlobalSection(SolutionConfigurationPlatforms) = preSolution
		Ad-Hoc|Any CPU = Ad-Hoc|Any CPU
		Ad-Hoc|ARM = Ad-Hoc|ARM
		Ad-Hoc|iPhone = Ad-Hoc|iPhone
		Ad-Hoc|iPhoneSimulator = Ad-Hoc|iPhoneSimulator
		Ad-Hoc|x64 = Ad-Hoc|x64
		Ad-Hoc|x86 = Ad-Hoc|x86
		AppStore|Any CPU = AppStore|Any CPU
		AppStore|ARM = AppStore|ARM
		AppStore|iPhone = AppStore|iPhone
		AppStore|iPhoneSimulator = AppStore|iPhoneSimulator
		AppStore|x64 = AppStore|x64
		AppStore|x86 = AppStore|x86
		Debug|Any CPU = Debug|Any CPU
		Debug|ARM = Debug|ARM
		Debug|iPhone = Debug|iPhone
		Debug|iPhoneSimulator = Debug|iPhoneSimulator
		Debug|x64 = Debug|x64
		Debug|x86 = Debug|x86
		Release|Any CPU = Release|Any CPU
		Release|ARM = Release|ARM
		Release|iPhone = Release|iPhone
		Release|iPhoneSimulator = Release|iPhoneSimulator
		Release|x64 = Release|x64
		Release|x86 = Release|x86
	EndGlobalSection
	GlobalSection(ProjectConfigurationPlatforms) = postSolution
		{07D21AD6-CF7C-4A0D-90EE-DFB3D8793996}.Ad-Hoc|Any CPU.ActiveCfg = Release|Any CPU
		{07D21AD6-CF7C-4A0D-90EE-DFB3D8793996}.Ad-Hoc|Any CPU.Build.0 = Release|Any CPU
		{07D21AD6-CF7C-4A0D-90EE-DFB3D8793996}.Ad-Hoc|Any CPU.Deploy.0 = Release|Any CPU
		{07D21AD6-CF7C-4A0D-90EE-DFB3D8793996}.Ad-Hoc|ARM.ActiveCfg = Release|Any CPU
		{07D21AD6-CF7C-4A0D-90EE-DFB3D8793996}.Ad-Hoc|ARM.Build.0 = Release|Any CPU
		{07D21AD6-CF7C-4A0D-90EE-DFB3D8793996}.Ad-Hoc|ARM.Deploy.0 = Release|Any CPU
		{07D21AD6-CF7C-4A0D-90EE-DFB3D8793996}.Ad-Hoc|iPhone.ActiveCfg = Debug|Any CPU
		{07D21AD6-CF7C-4A0D-90EE-DFB3D8793996}.Ad-Hoc|iPhone.Build.0 = Debug|Any CPU
		{07D21AD6-CF7C-4A0D-90EE-DFB3D8793996}.Ad-Hoc|iPhoneSimulator.ActiveCfg = Release|Any CPU
		{07D21AD6-CF7C-4A0D-90EE-DFB3D8793996}.Ad-Hoc|iPhoneSimulator.Build.0 = Release|Any CPU
		{07D21AD6-CF7C-4A0D-90EE-DFB3D8793996}.Ad-Hoc|iPhoneSimulator.Deploy.0 = Release|Any CPU
		{07D21AD6-CF7C-4A0D-90EE-DFB3D8793996}.Ad-Hoc|x64.ActiveCfg = Release|Any CPU
		{07D21AD6-CF7C-4A0D-90EE-DFB3D8793996}.Ad-Hoc|x64.Build.0 = Release|Any CPU
		{07D21AD6-CF7C-4A0D-90EE-DFB3D8793996}.Ad-Hoc|x64.Deploy.0 = Release|Any CPU
		{07D21AD6-CF7C-4A0D-90EE-DFB3D8793996}.Ad-Hoc|x86.ActiveCfg = Release|Any CPU
		{07D21AD6-CF7C-4A0D-90EE-DFB3D8793996}.Ad-Hoc|x86.Build.0 = Release|Any CPU
		{07D21AD6-CF7C-4A0D-90EE-DFB3D8793996}.Ad-Hoc|x86.Deploy.0 = Release|Any CPU
		{07D21AD6-CF7C-4A0D-90EE-DFB3D8793996}.AppStore|Any CPU.ActiveCfg = Release|Any CPU
		{07D21AD6-CF7C-4A0D-90EE-DFB3D8793996}.AppStore|Any CPU.Build.0 = Release|Any CPU
		{07D21AD6-CF7C-4A0D-90EE-DFB3D8793996}.AppStore|Any CPU.Deploy.0 = Release|Any CPU
		{07D21AD6-CF7C-4A0D-90EE-DFB3D8793996}.AppStore|ARM.ActiveCfg = Release|Any CPU
		{07D21AD6-CF7C-4A0D-90EE-DFB3D8793996}.AppStore|ARM.Build.0 = Release|Any CPU
		{07D21AD6-CF7C-4A0D-90EE-DFB3D8793996}.AppStore|ARM.Deploy.0 = Release|Any CPU
		{07D21AD6-CF7C-4A0D-90EE-DFB3D8793996}.AppStore|iPhone.ActiveCfg = Debug|Any CPU
		{07D21AD6-CF7C-4A0D-90EE-DFB3D8793996}.AppStore|iPhone.Build.0 = Debug|Any CPU
		{07D21AD6-CF7C-4A0D-90EE-DFB3D8793996}.AppStore|iPhoneSimulator.ActiveCfg = Release|Any CPU
		{07D21AD6-CF7C-4A0D-90EE-DFB3D8793996}.AppStore|iPhoneSimulator.Build.0 = Release|Any CPU
		{07D21AD6-CF7C-4A0D-90EE-DFB3D8793996}.AppStore|iPhoneSimulator.Deploy.0 = Release|Any CPU
		{07D21AD6-CF7C-4A0D-90EE-DFB3D8793996}.AppStore|x64.ActiveCfg = Release|Any CPU
		{07D21AD6-CF7C-4A0D-90EE-DFB3D8793996}.AppStore|x64.Build.0 = Release|Any CPU
		{07D21AD6-CF7C-4A0D-90EE-DFB3D8793996}.AppStore|x64.Deploy.0 = Release|Any CPU
		{07D21AD6-CF7C-4A0D-90EE-DFB3D8793996}.AppStore|x86.ActiveCfg = Release|Any CPU
		{07D21AD6-CF7C-4A0D-90EE-DFB3D8793996}.AppStore|x86.Build.0 = Release|Any CPU
		{07D21AD6-CF7C-4A0D-90EE-DFB3D8793996}.AppStore|x86.Deploy.0 = Release|Any CPU
		{07D21AD6-CF7C-4A0D-90EE-DFB3D8793996}.Debug|Any CPU.ActiveCfg = Debug|Any CPU
		{07D21AD6-CF7C-4A0D-90EE-DFB3D8793996}.Debug|Any CPU.Build.0 = Debug|Any CPU
		{07D21AD6-CF7C-4A0D-90EE-DFB3D8793996}.Debug|ARM.ActiveCfg = Debug|Any CPU
		{07D21AD6-CF7C-4A0D-90EE-DFB3D8793996}.Debug|ARM.Build.0 = Debug|Any CPU
		{07D21AD6-CF7C-4A0D-90EE-DFB3D8793996}.Debug|ARM.Deploy.0 = Debug|Any CPU
		{07D21AD6-CF7C-4A0D-90EE-DFB3D8793996}.Debug|iPhone.ActiveCfg = Debug|Any CPU
		{07D21AD6-CF7C-4A0D-90EE-DFB3D8793996}.Debug|iPhone.Build.0 = Debug|Any CPU
		{07D21AD6-CF7C-4A0D-90EE-DFB3D8793996}.Debug|iPhoneSimulator.ActiveCfg = Debug|Any CPU
		{07D21AD6-CF7C-4A0D-90EE-DFB3D8793996}.Debug|iPhoneSimulator.Build.0 = Debug|Any CPU
		{07D21AD6-CF7C-4A0D-90EE-DFB3D8793996}.Debug|x64.ActiveCfg = Debug|Any CPU
		{07D21AD6-CF7C-4A0D-90EE-DFB3D8793996}.Debug|x64.Build.0 = Debug|Any CPU
		{07D21AD6-CF7C-4A0D-90EE-DFB3D8793996}.Debug|x64.Deploy.0 = Debug|Any CPU
		{07D21AD6-CF7C-4A0D-90EE-DFB3D8793996}.Debug|x86.ActiveCfg = Debug|Any CPU
		{07D21AD6-CF7C-4A0D-90EE-DFB3D8793996}.Debug|x86.Build.0 = Debug|Any CPU
		{07D21AD6-CF7C-4A0D-90EE-DFB3D8793996}.Debug|x86.Deploy.0 = Debug|Any CPU
		{07D21AD6-CF7C-4A0D-90EE-DFB3D8793996}.Release|Any CPU.ActiveCfg = Release|Any CPU
		{07D21AD6-CF7C-4A0D-90EE-DFB3D8793996}.Release|Any CPU.Build.0 = Release|Any CPU
		{07D21AD6-CF7C-4A0D-90EE-DFB3D8793996}.Release|ARM.ActiveCfg = Release|Any CPU
		{07D21AD6-CF7C-4A0D-90EE-DFB3D8793996}.Release|ARM.Build.0 = Release|Any CPU
		{07D21AD6-CF7C-4A0D-90EE-DFB3D8793996}.Release|ARM.Deploy.0 = Release|Any CPU
		{07D21AD6-CF7C-4A0D-90EE-DFB3D8793996}.Release|iPhone.ActiveCfg = Release|Any CPU
		{07D21AD6-CF7C-4A0D-90EE-DFB3D8793996}.Release|iPhone.Build.0 = Release|Any CPU
		{07D21AD6-CF7C-4A0D-90EE-DFB3D8793996}.Release|iPhoneSimulator.ActiveCfg = Release|Any CPU
		{07D21AD6-CF7C-4A0D-90EE-DFB3D8793996}.Release|iPhoneSimulator.Build.0 = Release|Any CPU
		{07D21AD6-CF7C-4A0D-90EE-DFB3D8793996}.Release|x64.ActiveCfg = Release|Any CPU
		{07D21AD6-CF7C-4A0D-90EE-DFB3D8793996}.Release|x64.Build.0 = Release|Any CPU
		{07D21AD6-CF7C-4A0D-90EE-DFB3D8793996}.Release|x64.Deploy.0 = Release|Any CPU
		{07D21AD6-CF7C-4A0D-90EE-DFB3D8793996}.Release|x86.ActiveCfg = Release|Any CPU
		{07D21AD6-CF7C-4A0D-90EE-DFB3D8793996}.Release|x86.Build.0 = Release|Any CPU
		{07D21AD6-CF7C-4A0D-90EE-DFB3D8793996}.Release|x86.Deploy.0 = Release|Any CPU
		{2B97A25F-C5D9-4AAC-B8D3-E9F0985852DC}.Ad-Hoc|Any CPU.ActiveCfg = Ad-Hoc|iPhoneSimulator
		{2B97A25F-C5D9-4AAC-B8D3-E9F0985852DC}.Ad-Hoc|ARM.ActiveCfg = Ad-Hoc|iPhoneSimulator
		{2B97A25F-C5D9-4AAC-B8D3-E9F0985852DC}.Ad-Hoc|iPhone.ActiveCfg = Ad-Hoc|iPhone
		{2B97A25F-C5D9-4AAC-B8D3-E9F0985852DC}.Ad-Hoc|iPhone.Build.0 = Ad-Hoc|iPhone
		{2B97A25F-C5D9-4AAC-B8D3-E9F0985852DC}.Ad-Hoc|iPhoneSimulator.ActiveCfg = Ad-Hoc|iPhoneSimulator
		{2B97A25F-C5D9-4AAC-B8D3-E9F0985852DC}.Ad-Hoc|iPhoneSimulator.Build.0 = Ad-Hoc|iPhoneSimulator
		{2B97A25F-C5D9-4AAC-B8D3-E9F0985852DC}.Ad-Hoc|x64.ActiveCfg = Ad-Hoc|iPhoneSimulator
		{2B97A25F-C5D9-4AAC-B8D3-E9F0985852DC}.Ad-Hoc|x86.ActiveCfg = Ad-Hoc|iPhoneSimulator
		{2B97A25F-C5D9-4AAC-B8D3-E9F0985852DC}.AppStore|Any CPU.ActiveCfg = AppStore|iPhoneSimulator
		{2B97A25F-C5D9-4AAC-B8D3-E9F0985852DC}.AppStore|ARM.ActiveCfg = AppStore|iPhoneSimulator
		{2B97A25F-C5D9-4AAC-B8D3-E9F0985852DC}.AppStore|iPhone.ActiveCfg = AppStore|iPhone
		{2B97A25F-C5D9-4AAC-B8D3-E9F0985852DC}.AppStore|iPhone.Build.0 = AppStore|iPhone
		{2B97A25F-C5D9-4AAC-B8D3-E9F0985852DC}.AppStore|iPhoneSimulator.ActiveCfg = AppStore|iPhoneSimulator
		{2B97A25F-C5D9-4AAC-B8D3-E9F0985852DC}.AppStore|iPhoneSimulator.Build.0 = AppStore|iPhoneSimulator
		{2B97A25F-C5D9-4AAC-B8D3-E9F0985852DC}.AppStore|x64.ActiveCfg = AppStore|iPhoneSimulator
		{2B97A25F-C5D9-4AAC-B8D3-E9F0985852DC}.AppStore|x86.ActiveCfg = AppStore|iPhoneSimulator
		{2B97A25F-C5D9-4AAC-B8D3-E9F0985852DC}.Debug|Any CPU.ActiveCfg = Debug|iPhoneSimulator
		{2B97A25F-C5D9-4AAC-B8D3-E9F0985852DC}.Debug|Any CPU.Build.0 = Debug|iPhoneSimulator
		{2B97A25F-C5D9-4AAC-B8D3-E9F0985852DC}.Debug|ARM.ActiveCfg = Debug|iPhone
		{2B97A25F-C5D9-4AAC-B8D3-E9F0985852DC}.Debug|iPhone.ActiveCfg = Debug|iPhone
		{2B97A25F-C5D9-4AAC-B8D3-E9F0985852DC}.Debug|iPhone.Build.0 = Debug|iPhone
		{2B97A25F-C5D9-4AAC-B8D3-E9F0985852DC}.Debug|iPhoneSimulator.ActiveCfg = Debug|iPhoneSimulator
		{2B97A25F-C5D9-4AAC-B8D3-E9F0985852DC}.Debug|iPhoneSimulator.Build.0 = Debug|iPhoneSimulator
		{2B97A25F-C5D9-4AAC-B8D3-E9F0985852DC}.Debug|x64.ActiveCfg = Debug|iPhone
		{2B97A25F-C5D9-4AAC-B8D3-E9F0985852DC}.Debug|x86.ActiveCfg = Debug|iPhone
		{2B97A25F-C5D9-4AAC-B8D3-E9F0985852DC}.Release|Any CPU.ActiveCfg = Release|iPhoneSimulator
		{2B97A25F-C5D9-4AAC-B8D3-E9F0985852DC}.Release|Any CPU.Build.0 = Release|iPhoneSimulator
		{2B97A25F-C5D9-4AAC-B8D3-E9F0985852DC}.Release|ARM.ActiveCfg = Release|iPhone
		{2B97A25F-C5D9-4AAC-B8D3-E9F0985852DC}.Release|iPhone.ActiveCfg = Release|iPhone
		{2B97A25F-C5D9-4AAC-B8D3-E9F0985852DC}.Release|iPhone.Build.0 = Release|iPhone
		{2B97A25F-C5D9-4AAC-B8D3-E9F0985852DC}.Release|iPhoneSimulator.ActiveCfg = Release|iPhoneSimulator
		{2B97A25F-C5D9-4AAC-B8D3-E9F0985852DC}.Release|iPhoneSimulator.Build.0 = Release|iPhoneSimulator
		{2B97A25F-C5D9-4AAC-B8D3-E9F0985852DC}.Release|x64.ActiveCfg = Release|iPhone
		{2B97A25F-C5D9-4AAC-B8D3-E9F0985852DC}.Release|x86.ActiveCfg = Release|iPhone
		{AD1E0C88-4271-44E6-9A85-E1B33C9A06F0}.Ad-Hoc|Any CPU.ActiveCfg = Release|Any CPU
		{AD1E0C88-4271-44E6-9A85-E1B33C9A06F0}.Ad-Hoc|Any CPU.Build.0 = Release|Any CPU
		{AD1E0C88-4271-44E6-9A85-E1B33C9A06F0}.Ad-Hoc|ARM.ActiveCfg = Release|Any CPU
		{AD1E0C88-4271-44E6-9A85-E1B33C9A06F0}.Ad-Hoc|ARM.Build.0 = Release|Any CPU
		{AD1E0C88-4271-44E6-9A85-E1B33C9A06F0}.Ad-Hoc|iPhone.ActiveCfg = Debug|Any CPU
		{AD1E0C88-4271-44E6-9A85-E1B33C9A06F0}.Ad-Hoc|iPhone.Build.0 = Debug|Any CPU
		{AD1E0C88-4271-44E6-9A85-E1B33C9A06F0}.Ad-Hoc|iPhoneSimulator.ActiveCfg = Release|Any CPU
		{AD1E0C88-4271-44E6-9A85-E1B33C9A06F0}.Ad-Hoc|iPhoneSimulator.Build.0 = Release|Any CPU
		{AD1E0C88-4271-44E6-9A85-E1B33C9A06F0}.Ad-Hoc|x64.ActiveCfg = Release|Any CPU
		{AD1E0C88-4271-44E6-9A85-E1B33C9A06F0}.Ad-Hoc|x64.Build.0 = Release|Any CPU
		{AD1E0C88-4271-44E6-9A85-E1B33C9A06F0}.Ad-Hoc|x86.ActiveCfg = Release|Any CPU
		{AD1E0C88-4271-44E6-9A85-E1B33C9A06F0}.Ad-Hoc|x86.Build.0 = Release|Any CPU
		{AD1E0C88-4271-44E6-9A85-E1B33C9A06F0}.AppStore|Any CPU.ActiveCfg = Release|Any CPU
		{AD1E0C88-4271-44E6-9A85-E1B33C9A06F0}.AppStore|Any CPU.Build.0 = Release|Any CPU
		{AD1E0C88-4271-44E6-9A85-E1B33C9A06F0}.AppStore|ARM.ActiveCfg = Release|Any CPU
		{AD1E0C88-4271-44E6-9A85-E1B33C9A06F0}.AppStore|ARM.Build.0 = Release|Any CPU
		{AD1E0C88-4271-44E6-9A85-E1B33C9A06F0}.AppStore|iPhone.ActiveCfg = Debug|Any CPU
		{AD1E0C88-4271-44E6-9A85-E1B33C9A06F0}.AppStore|iPhone.Build.0 = Debug|Any CPU
		{AD1E0C88-4271-44E6-9A85-E1B33C9A06F0}.AppStore|iPhoneSimulator.ActiveCfg = Release|Any CPU
		{AD1E0C88-4271-44E6-9A85-E1B33C9A06F0}.AppStore|iPhoneSimulator.Build.0 = Release|Any CPU
		{AD1E0C88-4271-44E6-9A85-E1B33C9A06F0}.AppStore|x64.ActiveCfg = Release|Any CPU
		{AD1E0C88-4271-44E6-9A85-E1B33C9A06F0}.AppStore|x64.Build.0 = Release|Any CPU
		{AD1E0C88-4271-44E6-9A85-E1B33C9A06F0}.AppStore|x86.ActiveCfg = Release|Any CPU
		{AD1E0C88-4271-44E6-9A85-E1B33C9A06F0}.AppStore|x86.Build.0 = Release|Any CPU
		{AD1E0C88-4271-44E6-9A85-E1B33C9A06F0}.Debug|Any CPU.ActiveCfg = Debug|Any CPU
		{AD1E0C88-4271-44E6-9A85-E1B33C9A06F0}.Debug|Any CPU.Build.0 = Debug|Any CPU
		{AD1E0C88-4271-44E6-9A85-E1B33C9A06F0}.Debug|ARM.ActiveCfg = Debug|Any CPU
		{AD1E0C88-4271-44E6-9A85-E1B33C9A06F0}.Debug|ARM.Build.0 = Debug|Any CPU
		{AD1E0C88-4271-44E6-9A85-E1B33C9A06F0}.Debug|iPhone.ActiveCfg = Debug|Any CPU
		{AD1E0C88-4271-44E6-9A85-E1B33C9A06F0}.Debug|iPhone.Build.0 = Debug|Any CPU
		{AD1E0C88-4271-44E6-9A85-E1B33C9A06F0}.Debug|iPhoneSimulator.ActiveCfg = Debug|Any CPU
		{AD1E0C88-4271-44E6-9A85-E1B33C9A06F0}.Debug|iPhoneSimulator.Build.0 = Debug|Any CPU
		{AD1E0C88-4271-44E6-9A85-E1B33C9A06F0}.Debug|x64.ActiveCfg = Debug|Any CPU
		{AD1E0C88-4271-44E6-9A85-E1B33C9A06F0}.Debug|x64.Build.0 = Debug|Any CPU
		{AD1E0C88-4271-44E6-9A85-E1B33C9A06F0}.Debug|x86.ActiveCfg = Debug|Any CPU
		{AD1E0C88-4271-44E6-9A85-E1B33C9A06F0}.Debug|x86.Build.0 = Debug|Any CPU
		{AD1E0C88-4271-44E6-9A85-E1B33C9A06F0}.Release|Any CPU.ActiveCfg = Release|Any CPU
		{AD1E0C88-4271-44E6-9A85-E1B33C9A06F0}.Release|Any CPU.Build.0 = Release|Any CPU
		{AD1E0C88-4271-44E6-9A85-E1B33C9A06F0}.Release|ARM.ActiveCfg = Release|Any CPU
		{AD1E0C88-4271-44E6-9A85-E1B33C9A06F0}.Release|ARM.Build.0 = Release|Any CPU
		{AD1E0C88-4271-44E6-9A85-E1B33C9A06F0}.Release|iPhone.ActiveCfg = Release|Any CPU
		{AD1E0C88-4271-44E6-9A85-E1B33C9A06F0}.Release|iPhone.Build.0 = Release|Any CPU
		{AD1E0C88-4271-44E6-9A85-E1B33C9A06F0}.Release|iPhoneSimulator.ActiveCfg = Release|Any CPU
		{AD1E0C88-4271-44E6-9A85-E1B33C9A06F0}.Release|iPhoneSimulator.Build.0 = Release|Any CPU
		{AD1E0C88-4271-44E6-9A85-E1B33C9A06F0}.Release|x64.ActiveCfg = Release|Any CPU
		{AD1E0C88-4271-44E6-9A85-E1B33C9A06F0}.Release|x64.Build.0 = Release|Any CPU
		{AD1E0C88-4271-44E6-9A85-E1B33C9A06F0}.Release|x86.ActiveCfg = Release|Any CPU
		{AD1E0C88-4271-44E6-9A85-E1B33C9A06F0}.Release|x86.Build.0 = Release|Any CPU
		{366BB81A-3B2B-43CD-B6FB-AD61501A5B2F}.Ad-Hoc|Any CPU.ActiveCfg = Release|x86
		{366BB81A-3B2B-43CD-B6FB-AD61501A5B2F}.Ad-Hoc|Any CPU.Build.0 = Release|x86
		{366BB81A-3B2B-43CD-B6FB-AD61501A5B2F}.Ad-Hoc|Any CPU.Deploy.0 = Release|x86
		{366BB81A-3B2B-43CD-B6FB-AD61501A5B2F}.Ad-Hoc|ARM.ActiveCfg = Release|ARM
		{366BB81A-3B2B-43CD-B6FB-AD61501A5B2F}.Ad-Hoc|ARM.Build.0 = Release|ARM
		{366BB81A-3B2B-43CD-B6FB-AD61501A5B2F}.Ad-Hoc|ARM.Deploy.0 = Release|ARM
		{366BB81A-3B2B-43CD-B6FB-AD61501A5B2F}.Ad-Hoc|iPhone.ActiveCfg = Release|x86
		{366BB81A-3B2B-43CD-B6FB-AD61501A5B2F}.Ad-Hoc|iPhone.Build.0 = Release|x86
		{366BB81A-3B2B-43CD-B6FB-AD61501A5B2F}.Ad-Hoc|iPhone.Deploy.0 = Release|x86
		{366BB81A-3B2B-43CD-B6FB-AD61501A5B2F}.Ad-Hoc|iPhoneSimulator.ActiveCfg = Release|x86
		{366BB81A-3B2B-43CD-B6FB-AD61501A5B2F}.Ad-Hoc|iPhoneSimulator.Build.0 = Release|x86
		{366BB81A-3B2B-43CD-B6FB-AD61501A5B2F}.Ad-Hoc|iPhoneSimulator.Deploy.0 = Release|x86
		{366BB81A-3B2B-43CD-B6FB-AD61501A5B2F}.Ad-Hoc|x64.ActiveCfg = Release|x64
		{366BB81A-3B2B-43CD-B6FB-AD61501A5B2F}.Ad-Hoc|x64.Build.0 = Release|x64
		{366BB81A-3B2B-43CD-B6FB-AD61501A5B2F}.Ad-Hoc|x64.Deploy.0 = Release|x64
		{366BB81A-3B2B-43CD-B6FB-AD61501A5B2F}.Ad-Hoc|x86.ActiveCfg = Release|x86
		{366BB81A-3B2B-43CD-B6FB-AD61501A5B2F}.Ad-Hoc|x86.Build.0 = Release|x86
		{366BB81A-3B2B-43CD-B6FB-AD61501A5B2F}.Ad-Hoc|x86.Deploy.0 = Release|x86
		{366BB81A-3B2B-43CD-B6FB-AD61501A5B2F}.AppStore|Any CPU.ActiveCfg = Release|x86
		{366BB81A-3B2B-43CD-B6FB-AD61501A5B2F}.AppStore|Any CPU.Build.0 = Release|x86
		{366BB81A-3B2B-43CD-B6FB-AD61501A5B2F}.AppStore|Any CPU.Deploy.0 = Release|x86
		{366BB81A-3B2B-43CD-B6FB-AD61501A5B2F}.AppStore|ARM.ActiveCfg = Release|ARM
		{366BB81A-3B2B-43CD-B6FB-AD61501A5B2F}.AppStore|ARM.Build.0 = Release|ARM
		{366BB81A-3B2B-43CD-B6FB-AD61501A5B2F}.AppStore|ARM.Deploy.0 = Release|ARM
		{366BB81A-3B2B-43CD-B6FB-AD61501A5B2F}.AppStore|iPhone.ActiveCfg = Release|x86
		{366BB81A-3B2B-43CD-B6FB-AD61501A5B2F}.AppStore|iPhone.Build.0 = Release|x86
		{366BB81A-3B2B-43CD-B6FB-AD61501A5B2F}.AppStore|iPhone.Deploy.0 = Release|x86
		{366BB81A-3B2B-43CD-B6FB-AD61501A5B2F}.AppStore|iPhoneSimulator.ActiveCfg = Release|x86
		{366BB81A-3B2B-43CD-B6FB-AD61501A5B2F}.AppStore|iPhoneSimulator.Build.0 = Release|x86
		{366BB81A-3B2B-43CD-B6FB-AD61501A5B2F}.AppStore|iPhoneSimulator.Deploy.0 = Release|x86
		{366BB81A-3B2B-43CD-B6FB-AD61501A5B2F}.AppStore|x64.ActiveCfg = Release|x64
		{366BB81A-3B2B-43CD-B6FB-AD61501A5B2F}.AppStore|x64.Build.0 = Release|x64
		{366BB81A-3B2B-43CD-B6FB-AD61501A5B2F}.AppStore|x64.Deploy.0 = Release|x64
		{366BB81A-3B2B-43CD-B6FB-AD61501A5B2F}.AppStore|x86.ActiveCfg = Release|x86
		{366BB81A-3B2B-43CD-B6FB-AD61501A5B2F}.AppStore|x86.Build.0 = Release|x86
		{366BB81A-3B2B-43CD-B6FB-AD61501A5B2F}.AppStore|x86.Deploy.0 = Release|x86
		{366BB81A-3B2B-43CD-B6FB-AD61501A5B2F}.Debug|Any CPU.ActiveCfg = Debug|x86
		{366BB81A-3B2B-43CD-B6FB-AD61501A5B2F}.Debug|Any CPU.Build.0 = Debug|x86
		{366BB81A-3B2B-43CD-B6FB-AD61501A5B2F}.Debug|Any CPU.Deploy.0 = Debug|x86
		{366BB81A-3B2B-43CD-B6FB-AD61501A5B2F}.Debug|ARM.ActiveCfg = Debug|ARM
		{366BB81A-3B2B-43CD-B6FB-AD61501A5B2F}.Debug|ARM.Build.0 = Debug|ARM
		{366BB81A-3B2B-43CD-B6FB-AD61501A5B2F}.Debug|ARM.Deploy.0 = Debug|ARM
		{366BB81A-3B2B-43CD-B6FB-AD61501A5B2F}.Debug|iPhone.ActiveCfg = Debug|x86
		{366BB81A-3B2B-43CD-B6FB-AD61501A5B2F}.Debug|iPhoneSimulator.ActiveCfg = Debug|x86
		{366BB81A-3B2B-43CD-B6FB-AD61501A5B2F}.Debug|x64.ActiveCfg = Debug|x64
		{366BB81A-3B2B-43CD-B6FB-AD61501A5B2F}.Debug|x64.Build.0 = Debug|x64
		{366BB81A-3B2B-43CD-B6FB-AD61501A5B2F}.Debug|x64.Deploy.0 = Debug|x64
		{366BB81A-3B2B-43CD-B6FB-AD61501A5B2F}.Debug|x86.ActiveCfg = Debug|x86
		{366BB81A-3B2B-43CD-B6FB-AD61501A5B2F}.Debug|x86.Build.0 = Debug|x86
		{366BB81A-3B2B-43CD-B6FB-AD61501A5B2F}.Debug|x86.Deploy.0 = Debug|x86
		{366BB81A-3B2B-43CD-B6FB-AD61501A5B2F}.Release|Any CPU.ActiveCfg = Release|x86
		{366BB81A-3B2B-43CD-B6FB-AD61501A5B2F}.Release|ARM.ActiveCfg = Release|ARM
		{366BB81A-3B2B-43CD-B6FB-AD61501A5B2F}.Release|ARM.Build.0 = Release|ARM
		{366BB81A-3B2B-43CD-B6FB-AD61501A5B2F}.Release|ARM.Deploy.0 = Release|ARM
		{366BB81A-3B2B-43CD-B6FB-AD61501A5B2F}.Release|iPhone.ActiveCfg = Release|x86
		{366BB81A-3B2B-43CD-B6FB-AD61501A5B2F}.Release|iPhoneSimulator.ActiveCfg = Release|x86
		{366BB81A-3B2B-43CD-B6FB-AD61501A5B2F}.Release|x64.ActiveCfg = Release|x64
		{366BB81A-3B2B-43CD-B6FB-AD61501A5B2F}.Release|x64.Build.0 = Release|x64
		{366BB81A-3B2B-43CD-B6FB-AD61501A5B2F}.Release|x64.Deploy.0 = Release|x64
		{366BB81A-3B2B-43CD-B6FB-AD61501A5B2F}.Release|x86.ActiveCfg = Release|x86
		{366BB81A-3B2B-43CD-B6FB-AD61501A5B2F}.Release|x86.Build.0 = Release|x86
		{366BB81A-3B2B-43CD-B6FB-AD61501A5B2F}.Release|x86.Deploy.0 = Release|x86
	EndGlobalSection
	GlobalSection(SolutionProperties) = preSolution
		HideSolutionNode = FALSE
	EndGlobalSection
	GlobalSection(ExtensibilityGlobals) = postSolution
		SolutionGuid = {CA3D85C8-BF23-4619-8161-65A866D85132}
	EndGlobalSection
EndGlobal
